
Microsoft Visual Studio Solution File, Format Version 12.00
Project("{FAE04EC0-301F-11D3-BF4B-00C04F79EFBC}") = "DriverJobs", "DriverJobs\DriverJobs.csproj", "{D9A8DB3E-C77D-4420-B67A-7D68F75C5759}"
EndProject
Project("{FAE04EC0-301F-11D3-BF4B-00C04F79EFBC}") = "Infrastructure", "Infrastructure\Infrastructure.csproj", "{89DC7FBF-48E8-400E-8ADD-493770D85D4D}"
EndProject
Global
	GlobalSection(SolutionConfigurationPlatforms) = preSolution
		Debug|Any CPU = Debug|Any CPU
		Release|Any CPU = Release|Any CPU
	EndGlobalSection
	GlobalSection(ProjectConfigurationPlatforms) = postSolution
		{D9A8DB3E-C77D-4420-B67A-7D68F75C5759}.Debug|Any CPU.ActiveCfg = Debug|Any CPU
		{D9A8DB3E-C77D-4420-B67A-7D68F75C5759}.Debug|Any CPU.Build.0 = Debug|Any CPU
		{D9A8DB3E-C77D-4420-B67A-7D68F75C5759}.Release|Any CPU.ActiveCfg = Release|Any CPU
		{D9A8DB3E-C77D-4420-B67A-7D68F75C5759}.Release|Any CPU.Build.0 = Release|Any CPU
		{89DC7FBF-48E8-400E-8ADD-493770D85D4D}.Debug|Any CPU.ActiveCfg = Debug|Any CPU
		{89DC7FBF-48E8-400E-8ADD-493770D85D4D}.Debug|Any CPU.Build.0 = Debug|Any CPU
		{89DC7FBF-48E8-400E-8ADD-493770D85D4D}.Release|Any CPU.ActiveCfg = Release|Any CPU
		{89DC7FBF-48E8-400E-8ADD-493770D85D4D}.Release|Any CPU.Build.0 = Release|Any CPU
	EndGlobalSection
EndGlobal
